
Microsoft Visual Studio Solution File, Format Version 12.00
# Visual Studio Version 17
VisualStudioVersion = 17.10.35013.160
MinimumVisualStudioVersion = 10.0.40219.1
Project("{FAE04EC0-301F-11D3-BF4B-00C04F79EFBC}") = "ReflectionPOC", "ReflectionPOC.csproj", "{0A9E9C54-27E2-491D-A9B1-64E71584C38B}"
EndProject
Global
	GlobalSection(SolutionConfigurationPlatforms) = preSolution
		Debug|Any CPU = Debug|Any CPU
		Release|Any CPU = Release|Any CPU
	EndGlobalSection
	GlobalSection(ProjectConfigurationPlatforms) = postSolution
		{0A9E9C54-27E2-491D-A9B1-64E71584C38B}.Debug|Any CPU.ActiveCfg = Debug|Any CPU
		{0A9E9C54-27E2-491D-A9B1-64E71584C38B}.Debug|Any CPU.Build.0 = Debug|Any CPU
		{0A9E9C54-27E2-491D-A9B1-64E71584C38B}.Release|Any CPU.ActiveCfg = Release|Any CPU
		{0A9E9C54-27E2-491D-A9B1-64E71584C38B}.Release|Any CPU.Build.0 = Release|Any CPU
	EndGlobalSection
	GlobalSection(SolutionProperties) = preSolution
		HideSolutionNode = FALSE
	EndGlobalSection
	GlobalSection(ExtensibilityGlobals) = postSolution
		SolutionGuid = {D79B4C09-9C09-47C8-921F-1EC26EBC707A}
	EndGlobalSection
EndGlobal
